hash: 4818c5b0a6793a83364866b68bdbe89a12a7a6edd300d842886ed55ef088242f
updated: 2016-12-21T00:55:48.942140865-05:00
imports:
- name: github.com/fatih/color
  version: dea9d3a26a087187530244679c1cfb3a42937794
- name: github.com/mattn/go-colorable
  version: ed8eb9e318d7a84ce5915b495b7d35e0cfe7b5a8
- name: github.com/mattn/go-isatty
  version: 3a115632dcd687f9c8cd01679c83a06a0e21c1f3
- name: github.com/mattn/go-runewidth
  version: d6bea18f789704b5f83375793155289da36a3c7f
- name: github.com/neovim/go-client
  version: b4d0001757af5980b20bf246e900b9b0976a0a00
  subpackages:
  - msgpack
  - msgpack/rpc
  - nvim
- name: golang.org/x/net
  version: 45e771701b814666a7eb299e6c7a57d0b1799e91
  subpackages:
  - websocket
- name: golang.org/x/sys
  version: d75a52659825e75fff6158388dddc6a5b04f9ba5
  subpackages:
  - unix
testImports: []
