hash: 4818c5b0a6793a83364866b68bdbe89a12a7a6edd300d842886ed55ef088242f
updated: 2016-12-07T16:54:31.537694384-05:00
imports:
- name: github.com/fatih/color
  version: dea9d3a26a087187530244679c1cfb3a42937794
- name: github.com/mattn/go-colorable
  version: ed8eb9e318d7a84ce5915b495b7d35e0cfe7b5a8
- name: github.com/mattn/go-isatty
  version: 3a115632dcd687f9c8cd01679c83a06a0e21c1f3
- name: github.com/mattn/go-runewidth
  version: d6bea18f789704b5f83375793155289da36a3c7f
- name: github.com/neovim/go-client
  version: c5f748f326fdc70c37110fa5867bce647e0d517c
  subpackages:
  - msgpack
  - msgpack/rpc
  - nvim
- name: golang.org/x/net
  version: de22433a9fb633cca81708735cd52c3b7b205ecf
  subpackages:
  - websocket
- name: golang.org/x/sys
  version: 478fcf54317e52ab69f40bb4c7a1520288d7f7ea
  subpackages:
  - unix
testImports: []
