// !$*UTF8*$!
{
	archiveVersion = 1;
	classes = {
	};
	objectVersion = 46;
	objects = {

/* Begin PBXBuildFile section */
		E06D26301E7B80E500EB4D99 /* bridge.m in Sources */ = {isa = PBXBuildFile; fileRef = E06D26241E7B80E500EB4D99 /* bridge.m */; };
		E06D26311E7B80E500EB4D99 /* delegate.m in Sources */ = {isa = PBXBuildFile; fileRef = E06D26271E7B80E500EB4D99 /* delegate.m */; };
		E06D26321E7B80E500EB4D99 /* nmux.m in Sources */ = {isa = PBXBuildFile; fileRef = E06D262A1E7B80E500EB4D99 /* nmux.m */; };
		E06D26331E7B80E500EB4D99 /* ops.m in Sources */ = {isa = PBXBuildFile; fileRef = E06D262C1E7B80E500EB4D99 /* ops.m */; };
		E06D26341E7B80E500EB4D99 /* screen.m in Sources */ = {isa = PBXBuildFile; fileRef = E06D262E1E7B80E500EB4D99 /* screen.m */; };
		E0BEE73D1E7EB951009BEC06 /* text.m in Sources */ = {isa = PBXBuildFile; fileRef = E0BEE73C1E7EB951009BEC06 /* text.m */; };
/* End PBXBuildFile section */

/* Begin PBXCopyFilesBuildPhase section */
		E0FAC8931DF5042100CCB0E7 /* CopyFiles */ = {
			isa = PBXCopyFilesBuildPhase;
			buildActionMask = 2147483647;
			dstPath = /usr/share/man/man1/;
			dstSubfolderSpec = 0;
			files = (
			);
			runOnlyForDeploymentPostprocessing = 1;
		};
/* End PBXCopyFilesBuildPhase section */

/* Begin PBXFileReference section */
		E06D26231E7B80E500EB4D99 /* bridge.h */ = {isa = PBXFileReference; fileEncoding = 4; lastKnownFileType = sourcecode.c.h; path = bridge.h; sourceTree = "<group>"; };
		E06D26241E7B80E500EB4D99 /* bridge.m */ = {isa = PBXFileReference; fileEncoding = 4; lastKnownFileType = sourcecode.c.objc; path = bridge.m; sourceTree = "<group>"; };
		E06D26251E7B80E500EB4D99 /* cgo_extern.h */ = {isa = PBXFileReference; fileEncoding = 4; lastKnownFileType = sourcecode.c.h; path = cgo_extern.h; sourceTree = "<group>"; };
		E06D26261E7B80E500EB4D99 /* delegate.h */ = {isa = PBXFileReference; fileEncoding = 4; lastKnownFileType = sourcecode.c.h; path = delegate.h; sourceTree = "<group>"; };
		E06D26271E7B80E500EB4D99 /* delegate.m */ = {isa = PBXFileReference; fileEncoding = 4; lastKnownFileType = sourcecode.c.objc; path = delegate.m; sourceTree = "<group>"; };
		E06D26281E7B80E500EB4D99 /* misc.h */ = {isa = PBXFileReference; fileEncoding = 4; lastKnownFileType = sourcecode.c.h; path = misc.h; sourceTree = "<group>"; };
		E06D26291E7B80E500EB4D99 /* nmux.h */ = {isa = PBXFileReference; fileEncoding = 4; lastKnownFileType = sourcecode.c.h; path = nmux.h; sourceTree = "<group>"; };
		E06D262A1E7B80E500EB4D99 /* nmux.m */ = {isa = PBXFileReference; fileEncoding = 4; lastKnownFileType = sourcecode.c.objc; path = nmux.m; sourceTree = "<group>"; };
		E06D262B1E7B80E500EB4D99 /* ops.h */ = {isa = PBXFileReference; fileEncoding = 4; lastKnownFileType = sourcecode.c.h; path = ops.h; sourceTree = "<group>"; };
		E06D262C1E7B80E500EB4D99 /* ops.m */ = {isa = PBXFileReference; fileEncoding = 4; lastKnownFileType = sourcecode.c.objc; path = ops.m; sourceTree = "<group>"; };
		E06D262D1E7B80E500EB4D99 /* screen.h */ = {isa = PBXFileReference; fileEncoding = 4; lastKnownFileType = sourcecode.c.h; path = screen.h; sourceTree = "<group>"; };
		E06D262E1E7B80E500EB4D99 /* screen.m */ = {isa = PBXFileReference; fileEncoding = 4; lastKnownFileType = sourcecode.c.objc; path = screen.m; sourceTree = "<group>"; };
		E0BEE73B1E7EB951009BEC06 /* text.h */ = {isa = PBXFileReference; fileEncoding = 4; lastKnownFileType = sourcecode.c.h; path = text.h; sourceTree = "<group>"; };
		E0BEE73C1E7EB951009BEC06 /* text.m */ = {isa = PBXFileReference; fileEncoding = 4; lastKnownFileType = sourcecode.c.objc; path = text.m; sourceTree = "<group>"; };
		E0FAC8951DF5042100CCB0E7 /* nmux */ = {isa = PBXFileReference; explicitFileType = "compiled.mach-o.executable"; includeInIndex = 0; path = nmux; sourceTree = BUILT_PRODUCTS_DIR; };
/* End PBXFileReference section */

/* Begin PBXFrameworksBuildPhase section */
		E0FAC8921DF5042100CCB0E7 /* Frameworks */ = {
			isa = PBXFrameworksBuildPhase;
			buildActionMask = 2147483647;
			files = (
			);
			runOnlyForDeploymentPostprocessing = 0;
		};
/* End PBXFrameworksBuildPhase section */

/* Begin PBXGroup section */
		E0FAC88C1DF5042100CCB0E7 = {
			isa = PBXGroup;
			children = (
				E06D26231E7B80E500EB4D99 /* bridge.h */,
				E06D26241E7B80E500EB4D99 /* bridge.m */,
				E06D26251E7B80E500EB4D99 /* cgo_extern.h */,
				E0BEE73B1E7EB951009BEC06 /* text.h */,
				E0BEE73C1E7EB951009BEC06 /* text.m */,
				E06D26261E7B80E500EB4D99 /* delegate.h */,
				E06D26271E7B80E500EB4D99 /* delegate.m */,
				E06D26281E7B80E500EB4D99 /* misc.h */,
				E06D26291E7B80E500EB4D99 /* nmux.h */,
				E06D262A1E7B80E500EB4D99 /* nmux.m */,
				E06D262B1E7B80E500EB4D99 /* ops.h */,
				E06D262C1E7B80E500EB4D99 /* ops.m */,
				E06D262D1E7B80E500EB4D99 /* screen.h */,
				E06D262E1E7B80E500EB4D99 /* screen.m */,
				E0FAC8961DF5042100CCB0E7 /* Products */,
			);
			sourceTree = "<group>";
		};
		E0FAC8961DF5042100CCB0E7 /* Products */ = {
			isa = PBXGroup;
			children = (
				E0FAC8951DF5042100CCB0E7 /* nmux */,
			);
			name = Products;
			sourceTree = "<group>";
		};
/* End PBXGroup section */

/* Begin PBXNativeTarget section */
		E0FAC8941DF5042100CCB0E7 /* nmux */ = {
			isa = PBXNativeTarget;
			buildConfigurationList = E0FAC89C1DF5042100CCB0E7 /* Build configuration list for PBXNativeTarget "nmux" */;
			buildPhases = (
				E0FAC8911DF5042100CCB0E7 /* Sources */,
				E0FAC8921DF5042100CCB0E7 /* Frameworks */,
				E0FAC8931DF5042100CCB0E7 /* CopyFiles */,
			);
			buildRules = (
			);
			dependencies = (
			);
			name = nmux;
			productName = nmux;
			productReference = E0FAC8951DF5042100CCB0E7 /* nmux */;
			productType = "com.apple.product-type.tool";
		};
/* End PBXNativeTarget section */

/* Begin PBXProject section */
		E0FAC88D1DF5042100CCB0E7 /* Project object */ = {
			isa = PBXProject;
			attributes = {
				CLASSPREFIX = dab;
				LastUpgradeCheck = 0810;
				ORGANIZATIONNAME = esdf.io;
				TargetAttributes = {
					E0FAC8941DF5042100CCB0E7 = {
						CreatedOnToolsVersion = 8.1;
						ProvisioningStyle = Automatic;
					};
				};
			};
			buildConfigurationList = E0FAC8901DF5042100CCB0E7 /* Build configuration list for PBXProject "nmux" */;
			compatibilityVersion = "Xcode 3.2";
			developmentRegion = English;
			hasScannedForEncodings = 0;
			knownRegions = (
				en,
			);
			mainGroup = E0FAC88C1DF5042100CCB0E7;
			productRefGroup = E0FAC8961DF5042100CCB0E7 /* Products */;
			projectDirPath = "";
			projectRoot = "";
			targets = (
				E0FAC8941DF5042100CCB0E7 /* nmux */,
			);
		};
/* End PBXProject section */

/* Begin PBXSourcesBuildPhase section */
		E0FAC8911DF5042100CCB0E7 /* Sources */ = {
			isa = PBXSourcesBuildPhase;
			buildActionMask = 2147483647;
			files = (
				E06D26301E7B80E500EB4D99 /* bridge.m in Sources */,
				E06D26341E7B80E500EB4D99 /* screen.m in Sources */,
				E06D26321E7B80E500EB4D99 /* nmux.m in Sources */,
				E06D26311E7B80E500EB4D99 /* delegate.m in Sources */,
				E0BEE73D1E7EB951009BEC06 /* text.m in Sources */,
				E06D26331E7B80E500EB4D99 /* ops.m in Sources */,
			);
			runOnlyForDeploymentPostprocessing = 0;
		};
/* End PBXSourcesBuildPhase section */

/* Begin XCBuildConfiguration section */
		E0FAC89A1DF5042100CCB0E7 /* Debug */ = {
			isa = XCBuildConfiguration;
			buildSettings = {
				ALWAYS_SEARCH_USER_PATHS = NO;
				CLANG_ANALYZER_NONNULL = YES;
				CLANG_CXX_LANGUAGE_STANDARD = "gnu++0x";
				CLANG_CXX_LIBRARY = "libc++";
				CLANG_ENABLE_MODULES = YES;
				CLANG_ENABLE_OBJC_ARC = YES;
				CLANG_WARN_BOOL_CONVERSION = YES;
				CLANG_WARN_CONSTANT_CONVERSION = YES;
				CLANG_WARN_DIRECT_OBJC_ISA_USAGE = YES_ERROR;
				CLANG_WARN_DOCUMENTATION_COMMENTS = YES;
				CLANG_WARN_EMPTY_BODY = YES;
				CLANG_WARN_ENUM_CONVERSION = YES;
				CLANG_WARN_INFINITE_RECURSION = YES;
				CLANG_WARN_INT_CONVERSION = YES;
				CLANG_WARN_OBJC_ROOT_CLASS = YES_ERROR;
				CLANG_WARN_SUSPICIOUS_MOVES = YES;
				CLANG_WARN_UNREACHABLE_CODE = YES;
				CLANG_WARN__DUPLICATE_METHOD_MATCH = YES;
				CODE_SIGN_IDENTITY = "-";
				COPY_PHASE_STRIP = NO;
				DEBUG_INFORMATION_FORMAT = dwarf;
				ENABLE_STRICT_OBJC_MSGSEND = YES;
				ENABLE_TESTABILITY = YES;
				GCC_C_LANGUAGE_STANDARD = gnu99;
				GCC_DYNAMIC_NO_PIC = NO;
				GCC_NO_COMMON_BLOCKS = YES;
				GCC_OPTIMIZATION_LEVEL = 0;
				GCC_PREPROCESSOR_DEFINITIONS = (
					"DEBUG=1",
					"$(inherited)",
				);
				GCC_WARN_64_TO_32_BIT_CONVERSION = YES;
				GCC_WARN_ABOUT_RETURN_TYPE = YES_ERROR;
				GCC_WARN_UNDECLARED_SELECTOR = YES;
				GCC_WARN_UNINITIALIZED_AUTOS = YES_AGGRESSIVE;
				GCC_WARN_UNUSED_FUNCTION = YES;
				GCC_WARN_UNUSED_VARIABLE = YES;
				MACOSX_DEPLOYMENT_TARGET = 10.11;
				MTL_ENABLE_DEBUG_INFO = YES;
				ONLY_ACTIVE_ARCH = YES;
				SDKROOT = macosx;
			};
			name = Debug;
		};
		E0FAC89B1DF5042100CCB0E7 /* Release */ = {
			isa = XCBuildConfiguration;
			buildSettings = {
				ALWAYS_SEARCH_USER_PATHS = NO;
				CLANG_ANALYZER_NONNULL = YES;
				CLANG_CXX_LANGUAGE_STANDARD = "gnu++0x";
				CLANG_CXX_LIBRARY = "libc++";
				CLANG_ENABLE_MODULES = YES;
				CLANG_ENABLE_OBJC_ARC = YES;
				CLANG_WARN_BOOL_CONVERSION = YES;
				CLANG_WARN_CONSTANT_CONVERSION = YES;
				CLANG_WARN_DIRECT_OBJC_ISA_USAGE = YES_ERROR;
				CLANG_WARN_DOCUMENTATION_COMMENTS = YES;
				CLANG_WARN_EMPTY_BODY = YES;
				CLANG_WARN_ENUM_CONVERSION = YES;
				CLANG_WARN_INFINITE_RECURSION = YES;
				CLANG_WARN_INT_CONVERSION = YES;
				CLANG_WARN_OBJC_ROOT_CLASS = YES_ERROR;
				CLANG_WARN_SUSPICIOUS_MOVES = YES;
				CLANG_WARN_UNREACHABLE_CODE = YES;
				CLANG_WARN__DUPLICATE_METHOD_MATCH = YES;
				CODE_SIGN_IDENTITY = "-";
				COPY_PHASE_STRIP = NO;
				DEBUG_INFORMATION_FORMAT = "dwarf-with-dsym";
				ENABLE_NS_ASSERTIONS = NO;
				ENABLE_STRICT_OBJC_MSGSEND = YES;
				GCC_C_LANGUAGE_STANDARD = gnu99;
				GCC_NO_COMMON_BLOCKS = YES;
				GCC_WARN_64_TO_32_BIT_CONVERSION = YES;
				GCC_WARN_ABOUT_RETURN_TYPE = YES_ERROR;
				GCC_WARN_UNDECLARED_SELECTOR = YES;
				GCC_WARN_UNINITIALIZED_AUTOS = YES_AGGRESSIVE;
				GCC_WARN_UNUSED_FUNCTION = YES;
				GCC_WARN_UNUSED_VARIABLE = YES;
				MACOSX_DEPLOYMENT_TARGET = 10.11;
				MTL_ENABLE_DEBUG_INFO = NO;
				SDKROOT = macosx;
			};
			name = Release;
		};
		E0FAC89D1DF5042100CCB0E7 /* Debug */ = {
			isa = XCBuildConfiguration;
			buildSettings = {
				CLANG_ENABLE_OBJC_ARC = NO;
				CODE_SIGN_IDENTITY = "";
				DEVELOPMENT_TEAM = "";
				PRODUCT_NAME = "$(TARGET_NAME)";
			};
			name = Debug;
		};
		E0FAC89E1DF5042100CCB0E7 /* Release */ = {
			isa = XCBuildConfiguration;
			buildSettings = {
				CLANG_ENABLE_OBJC_ARC = NO;
				CODE_SIGN_IDENTITY = "";
				DEVELOPMENT_TEAM = "";
				PRODUCT_NAME = "$(TARGET_NAME)";
			};
			name = Release;
		};
/* End XCBuildConfiguration section */

/* Begin XCConfigurationList section */
		E0FAC8901DF5042100CCB0E7 /* Build configuration list for PBXProject "nmux" */ = {
			isa = XCConfigurationList;
			buildConfigurations = (
				E0FAC89A1DF5042100CCB0E7 /* Debug */,
				E0FAC89B1DF5042100CCB0E7 /* Release */,
			);
			defaultConfigurationIsVisible = 0;
			defaultConfigurationName = Release;
		};
		E0FAC89C1DF5042100CCB0E7 /* Build configuration list for PBXNativeTarget "nmux" */ = {
			isa = XCConfigurationList;
			buildConfigurations = (
				E0FAC89D1DF5042100CCB0E7 /* Debug */,
				E0FAC89E1DF5042100CCB0E7 /* Release */,
			);
			defaultConfigurationIsVisible = 0;
			defaultConfigurationName = Release;
		};
/* End XCConfigurationList section */
	};
	rootObject = E0FAC88D1DF5042100CCB0E7 /* Project object */;
}
